
Microsoft Visual Studio Solution File, Format Version 12.00
# Visual Studio 15
VisualStudioVersion = 15.0.28010.2003
MinimumVisualStudioVersion = 10.0.40219.1
Project("{FAE04EC0-301F-11D3-BF4B-00C04F79EFBC}") = "TestTask", "TestTask\TestTask.csproj", "{86FCA699-9205-4447-8E92-85D42C2463CF}"
EndProject
Project("{FAE04EC0-301F-11D3-BF4B-00C04F79EFBC}") = "SpecFlowTask", "SpecFlowTask\SpecFlowTask.csproj", "{BB3EB157-C85E-417E-8072-B1B271194120}"
EndProject
Global
	GlobalSection(SolutionConfigurationPlatforms) = preSolution
		Debug|Any CPU = Debug|Any CPU
		Release|Any CPU = Release|Any CPU
	EndGlobalSection
	GlobalSection(ProjectConfigurationPlatforms) = postSolution
		{86FCA699-9205-4447-8E92-85D42C2463CF}.Debug|Any CPU.ActiveCfg = Debug|Any CPU
		{86FCA699-9205-4447-8E92-85D42C2463CF}.Debug|Any CPU.Build.0 = Debug|Any CPU
		{86FCA699-9205-4447-8E92-85D42C2463CF}.Release|Any CPU.ActiveCfg = Release|Any CPU
		{86FCA699-9205-4447-8E92-85D42C2463CF}.Release|Any CPU.Build.0 = Release|Any CPU
		{BB3EB157-C85E-417E-8072-B1B271194120}.Debug|Any CPU.ActiveCfg = Debug|Any CPU
		{BB3EB157-C85E-417E-8072-B1B271194120}.Debug|Any CPU.Build.0 = Debug|Any CPU
		{BB3EB157-C85E-417E-8072-B1B271194120}.Release|Any CPU.ActiveCfg = Release|Any CPU
		{BB3EB157-C85E-417E-8072-B1B271194120}.Release|Any CPU.Build.0 = Release|Any CPU
	EndGlobalSection
	GlobalSection(SolutionProperties) = preSolution
		HideSolutionNode = FALSE
	EndGlobalSection
	GlobalSection(ExtensibilityGlobals) = postSolution
		SolutionGuid = {424B4167-9A60-45E5-9BE7-5BD6F4F93F47}
	EndGlobalSection
EndGlobal
